
Microsoft Visual Studio Solution File, Format Version 12.00
# Visual Studio Version 17
VisualStudioVersion = 17.11.35303.130
MinimumVisualStudioVersion = 10.0.40219.1
Project("{2150E333-8FDC-42A3-9474-1A3956D46DE8}") = "Task0", "Task0", "{C0F7A99F-9D5F-4CF7-ACCB-BB101FE24343}"
EndProject
Project("{9A19103F-16F7-4668-BE54-9A1E7A4F7556}") = "Tyuiu.PuzinaDA.Sprint3.Task0.V1.Lib", "Tyuiu.PuzinaDA.Sprint3.Task0.V1.Lib\Tyuiu.PuzinaDA.Sprint3.Task0.V1.Lib.csproj", "{47264F8F-509B-48EE-A0AB-3963863E3905}"
EndProject
Project("{9A19103F-16F7-4668-BE54-9A1E7A4F7556}") = "Tyuiu.PuzinaDA.Sprint3.Task0.V1.Test", "Tyuiu.PuzinaDA.Sprint3.Task0.V1.Test\Tyuiu.PuzinaDA.Sprint3.Task0.V1.Test.csproj", "{B1576D96-2EDF-442A-8C01-03025E952C15}"
EndProject
Project("{9A19103F-16F7-4668-BE54-9A1E7A4F7556}") = "Tyuiu.PuzinaDA.Sprint3.Task0.V1", "Tyuiu.PuzinaDA.Sprint3.Task0.V1\Tyuiu.PuzinaDA.Sprint3.Task0.V1.csproj", "{0558C4C6-AA95-4EEE-A5E1-2BF309C0E7D6}"
EndProject
Project("{2150E333-8FDC-42A3-9474-1A3956D46DE8}") = "Task1", "Task1", "{C0C8B91F-5A5E-472B-A5DC-919649B81130}"
EndProject
Project("{9A19103F-16F7-4668-BE54-9A1E7A4F7556}") = "Tyuiu.PuzinaDA.Sprint3.Task1.V12", "Tyuiu.PuzinaDA.Sprint3.Task1.V12\Tyuiu.PuzinaDA.Sprint3.Task1.V12.csproj", "{AFC4A4C5-7B84-43A3-8F63-ECB1DBAD1AAA}"
EndProject
Project("{9A19103F-16F7-4668-BE54-9A1E7A4F7556}") = "Tyuiu.PuzinaDA.Sprint3.Task1.V12.Test", "Tyuiu.PuzinaDA.Sprint3.Task1.V12.Test\Tyuiu.PuzinaDA.Sprint3.Task1.V12.Test.csproj", "{CEA3BADA-8CD1-450B-8EC0-271367B15DD7}"
EndProject
Project("{9A19103F-16F7-4668-BE54-9A1E7A4F7556}") = "Tyuiu.PuzinaDA.Sprint3.Task1.V12.Lib", "Tyuiu.PuzinaDA.Sprint3.Task1.V12.Lib\Tyuiu.PuzinaDA.Sprint3.Task1.V12.Lib.csproj", "{36F35793-4BB0-46DE-AF93-AD8A20D1585D}"
EndProject
Project("{2150E333-8FDC-42A3-9474-1A3956D46DE8}") = "Task2", "Task2", "{66DBF42E-383F-42A1-940D-2AD989DE283D}"
EndProject
Project("{9A19103F-16F7-4668-BE54-9A1E7A4F7556}") = "Tyuiu.PuzinaDA.Sprint3.Task2.V7.Lib", "Tyuiu.PuzinaDA.Sprint3.Task2.V7.Lib\Tyuiu.PuzinaDA.Sprint3.Task2.V7.Lib.csproj", "{2A9F71D1-C802-49BF-AE5B-E3487EF82E76}"
EndProject
Project("{9A19103F-16F7-4668-BE54-9A1E7A4F7556}") = "Tyuiu.PuzinaDA.Sprint3.Task2.V7.Test", "Tyuiu.PuzinaDA.Sprint3.Task2.V7.Test\Tyuiu.PuzinaDA.Sprint3.Task2.V7.Test.csproj", "{276AD087-3617-4AA5-BFA9-0595D91E79F3}"
EndProject
Project("{9A19103F-16F7-4668-BE54-9A1E7A4F7556}") = "Tyuiu.PuzinaDA.Sprint3.Task2.V7", "Tyuiu.PuzinaDA.Sprint3.Task2.V7\Tyuiu.PuzinaDA.Sprint3.Task2.V7.csproj", "{2958C27C-CA57-4DA0-8EAB-C189A0277716}"
EndProject
Project("{2150E333-8FDC-42A3-9474-1A3956D46DE8}") = "Task3", "Task3", "{B09DB0B2-965D-4471-97BA-2B5026AC7739}"
EndProject
Project("{9A19103F-16F7-4668-BE54-9A1E7A4F7556}") = "Tyuiu.PuzinaDA.Sprint3.Task3.V20", "Tyuiu.PuzinaDA.Sprint3.Task3.V20\Tyuiu.PuzinaDA.Sprint3.Task3.V20.csproj", "{B5013E08-CF2A-4A3B-A4D7-869C1E725D92}"
EndProject
Project("{9A19103F-16F7-4668-BE54-9A1E7A4F7556}") = "Tyuiu.PuzinaDA.Sprint3.Task3.V20.Lib", "Tyuiu.PuzinaDA.Sprint3.Task3.V20.Lib\Tyuiu.PuzinaDA.Sprint3.Task3.V20.Lib.csproj", "{38A8A24A-FBB3-41BC-9383-80F3469C1747}"
EndProject
Project("{9A19103F-16F7-4668-BE54-9A1E7A4F7556}") = "Tyuiu.PuzinaDA.Sprint3.Task3.V20.Test", "Tyuiu.PuzinaDA.Sprint3.Task3.V20.Test\Tyuiu.PuzinaDA.Sprint3.Task3.V20.Test.csproj", "{74C4A245-0A34-4A85-8689-729BF75599FB}"
EndProject
Project("{2150E333-8FDC-42A3-9474-1A3956D46DE8}") = "Task4", "Task4", "{046212E4-2B12-4B2E-9689-41A7B1D9A26A}"
EndProject
Project("{FAE04EC0-301F-11D3-BF4B-00C04F79EFBC}") = "Tyuiu.PuzinaDA.Sprint3.Task4.V18", "Tyuiu.PuzinaDA.Sprint3.Task4.V18\Tyuiu.PuzinaDA.Sprint3.Task4.V18.csproj", "{577C241B-BDC5-478A-95B7-3C72D0364FD1}"
EndProject
Project("{FAE04EC0-301F-11D3-BF4B-00C04F79EFBC}") = "Tyuiu.PuzinaDA.Sprint3.Task4.V18.Test", "Tyuiu.PuzinaDA.Sprint3.Task4.V18.Test\Tyuiu.PuzinaDA.Sprint3.Task4.V18.Test.csproj", "{97B9609C-1AF1-4A3E-89E7-E545E26F7F22}"
EndProject
Project("{FAE04EC0-301F-11D3-BF4B-00C04F79EFBC}") = "Tyuiu.PuzinaDA.Sprint3.Task4.V18.Lib", "Tyuiu.PuzinaDA.Sprint3.Task4.V18.Lib\Tyuiu.PuzinaDA.Sprint3.Task4.V18.Lib.csproj", "{860A2E47-3694-4B58-909A-1977658E8545}"
EndProject
Project("{2150E333-8FDC-42A3-9474-1A3956D46DE8}") = "Task5", "Task5", "{71E42A7B-26D6-415A-B296-A6FF98218669}"
EndProject
Project("{FAE04EC0-301F-11D3-BF4B-00C04F79EFBC}") = "Tyuiu.PuzinaDA.Sprint3.Task5.V8", "Tyuiu.PuzinaDA.Sprint3.Task5.V8\Tyuiu.PuzinaDA.Sprint3.Task5.V8.csproj", "{45FC11DF-A7B5-48EA-B342-5876D8101AFC}"
EndProject
Project("{FAE04EC0-301F-11D3-BF4B-00C04F79EFBC}") = "Tyuiu.PuzinaDA.Sprint3.Task5.V8.Test", "Tyuiu.PuzinaDA.Sprint3.Task5.V8.Test\Tyuiu.PuzinaDA.Sprint3.Task5.V8.Test.csproj", "{149EA8CE-6D58-4B51-84ED-B2230E4489B5}"
EndProject
Project("{FAE04EC0-301F-11D3-BF4B-00C04F79EFBC}") = "Tyuiu.PuzinaDA.Sprint3.Task5.V8.Lib", "Tyuiu.PuzinaDA.Sprint3.Task5.V8.Lib\Tyuiu.PuzinaDA.Sprint3.Task5.V8.Lib.csproj", "{E1B3FA0B-CB23-44EB-9F8B-245C5FF3E72C}"
EndProject
Project("{2150E333-8FDC-42A3-9474-1A3956D46DE8}") = "Task6", "Task6", "{AD2DA7F6-8A16-49D2-A0D1-FBC9D98C6143}"
EndProject
Project("{FAE04EC0-301F-11D3-BF4B-00C04F79EFBC}") = "Tyuiu.PuzinaDA.Sprint3.Task6.V14", "Tyuiu.PuzinaDA.Sprint3.Task6.V14\Tyuiu.PuzinaDA.Sprint3.Task6.V14.csproj", "{8E1788F1-52BB-4E7E-9BF7-82DC8503049E}"
EndProject
Project("{FAE04EC0-301F-11D3-BF4B-00C04F79EFBC}") = "Tyuiu.PuzinaDA.Sprint3.Task6.V14.Test", "Tyuiu.PuzinaDA.Sprint3.Task6.V14.Test\Tyuiu.PuzinaDA.Sprint3.Task6.V14.Test.csproj", "{7F86D9E6-E544-4F66-916A-1AFB0D12D788}"
EndProject
Project("{FAE04EC0-301F-11D3-BF4B-00C04F79EFBC}") = "Tyuiu.PuzinaDA.Sprint3.Task6.V14.Lib", "Tyuiu.PuzinaDA.Sprint3.Task6.V14.Lib\Tyuiu.PuzinaDA.Sprint3.Task6.V14.Lib.csproj", "{6D7EB936-C7F0-4899-A884-A47D4778EC7A}"
EndProject
Project("{2150E333-8FDC-42A3-9474-1A3956D46DE8}") = "Task7", "Task7", "{98D1D182-8619-4FFD-AA0E-136CAA66313D}"
EndProject
Project("{FAE04EC0-301F-11D3-BF4B-00C04F79EFBC}") = "Tyuiu.PuzinaDA.Sprint3.Task7.V8", "Tyuiu.PuzinaDA.Sprint3.Task7.V8\Tyuiu.PuzinaDA.Sprint3.Task7.V8.csproj", "{A8199B53-856F-4357-A0CE-2D001A1FC293}"
EndProject
Project("{FAE04EC0-301F-11D3-BF4B-00C04F79EFBC}") = "Tyuiu.PuzinaDA.Sprint3.Task7.V8.Test", "Tyuiu.PuzinaDA.Sprint3.Task7.V8.Test\Tyuiu.PuzinaDA.Sprint3.Task7.V8.Test.csproj", "{9A772647-450F-4278-902E-9B559CFBADCA}"
EndProject
Project("{FAE04EC0-301F-11D3-BF4B-00C04F79EFBC}") = "Tyuiu.PuzinaDA.Sprint3.Task7.V8.Lib", "Tyuiu.PuzinaDA.Sprint3.Task7.V8.Lib\Tyuiu.PuzinaDA.Sprint3.Task7.V8.Lib.csproj", "{BD60A548-0DBC-4C4C-939E-D8C98B04589A}"
EndProject
Global
	GlobalSection(SolutionConfigurationPlatforms) = preSolution
		Debug|Any CPU = Debug|Any CPU
		Release|Any CPU = Release|Any CPU
	EndGlobalSection
	GlobalSection(ProjectConfigurationPlatforms) = postSolution
		{47264F8F-509B-48EE-A0AB-3963863E3905}.Debug|Any CPU.ActiveCfg = Debug|Any CPU
		{47264F8F-509B-48EE-A0AB-3963863E3905}.Debug|Any CPU.Build.0 = Debug|Any CPU
		{47264F8F-509B-48EE-A0AB-3963863E3905}.Release|Any CPU.ActiveCfg = Release|Any CPU
		{47264F8F-509B-48EE-A0AB-3963863E3905}.Release|Any CPU.Build.0 = Release|Any CPU
		{B1576D96-2EDF-442A-8C01-03025E952C15}.Debug|Any CPU.ActiveCfg = Debug|Any CPU
		{B1576D96-2EDF-442A-8C01-03025E952C15}.Debug|Any CPU.Build.0 = Debug|Any CPU
		{B1576D96-2EDF-442A-8C01-03025E952C15}.Release|Any CPU.ActiveCfg = Release|Any CPU
		{B1576D96-2EDF-442A-8C01-03025E952C15}.Release|Any CPU.Build.0 = Release|Any CPU
		{0558C4C6-AA95-4EEE-A5E1-2BF309C0E7D6}.Debug|Any CPU.ActiveCfg = Debug|Any CPU
		{0558C4C6-AA95-4EEE-A5E1-2BF309C0E7D6}.Debug|Any CPU.Build.0 = Debug|Any CPU
		{0558C4C6-AA95-4EEE-A5E1-2BF309C0E7D6}.Release|Any CPU.ActiveCfg = Release|Any CPU
		{0558C4C6-AA95-4EEE-A5E1-2BF309C0E7D6}.Release|Any CPU.Build.0 = Release|Any CPU
		{AFC4A4C5-7B84-43A3-8F63-ECB1DBAD1AAA}.Debug|Any CPU.ActiveCfg = Debug|Any CPU
		{AFC4A4C5-7B84-43A3-8F63-ECB1DBAD1AAA}.Debug|Any CPU.Build.0 = Debug|Any CPU
		{AFC4A4C5-7B84-43A3-8F63-ECB1DBAD1AAA}.Release|Any CPU.ActiveCfg = Release|Any CPU
		{AFC4A4C5-7B84-43A3-8F63-ECB1DBAD1AAA}.Release|Any CPU.Build.0 = Release|Any CPU
		{CEA3BADA-8CD1-450B-8EC0-271367B15DD7}.Debug|Any CPU.ActiveCfg = Debug|Any CPU
		{CEA3BADA-8CD1-450B-8EC0-271367B15DD7}.Debug|Any CPU.Build.0 = Debug|Any CPU
		{CEA3BADA-8CD1-450B-8EC0-271367B15DD7}.Release|Any CPU.ActiveCfg = Release|Any CPU
		{CEA3BADA-8CD1-450B-8EC0-271367B15DD7}.Release|Any CPU.Build.0 = Release|Any CPU
		{36F35793-4BB0-46DE-AF93-AD8A20D1585D}.Debug|Any CPU.ActiveCfg = Debug|Any CPU
		{36F35793-4BB0-46DE-AF93-AD8A20D1585D}.Debug|Any CPU.Build.0 = Debug|Any CPU
		{36F35793-4BB0-46DE-AF93-AD8A20D1585D}.Release|Any CPU.ActiveCfg = Release|Any CPU
		{36F35793-4BB0-46DE-AF93-AD8A20D1585D}.Release|Any CPU.Build.0 = Release|Any CPU
		{2A9F71D1-C802-49BF-AE5B-E3487EF82E76}.Debug|Any CPU.ActiveCfg = Debug|Any CPU
		{2A9F71D1-C802-49BF-AE5B-E3487EF82E76}.Debug|Any CPU.Build.0 = Debug|Any CPU
		{2A9F71D1-C802-49BF-AE5B-E3487EF82E76}.Release|Any CPU.ActiveCfg = Release|Any CPU
		{2A9F71D1-C802-49BF-AE5B-E3487EF82E76}.Release|Any CPU.Build.0 = Release|Any CPU
		{276AD087-3617-4AA5-BFA9-0595D91E79F3}.Debug|Any CPU.ActiveCfg = Debug|Any CPU
		{276AD087-3617-4AA5-BFA9-0595D91E79F3}.Debug|Any CPU.Build.0 = Debug|Any CPU
		{276AD087-3617-4AA5-BFA9-0595D91E79F3}.Release|Any CPU.ActiveCfg = Release|Any CPU
		{276AD087-3617-4AA5-BFA9-0595D91E79F3}.Release|Any CPU.Build.0 = Release|Any CPU
		{2958C27C-CA57-4DA0-8EAB-C189A0277716}.Debug|Any CPU.ActiveCfg = Debug|Any CPU
		{2958C27C-CA57-4DA0-8EAB-C189A0277716}.Debug|Any CPU.Build.0 = Debug|Any CPU
		{2958C27C-CA57-4DA0-8EAB-C189A0277716}.Release|Any CPU.ActiveCfg = Release|Any CPU
		{2958C27C-CA57-4DA0-8EAB-C189A0277716}.Release|Any CPU.Build.0 = Release|Any CPU
		{B5013E08-CF2A-4A3B-A4D7-869C1E725D92}.Debug|Any CPU.ActiveCfg = Debug|Any CPU
		{B5013E08-CF2A-4A3B-A4D7-869C1E725D92}.Debug|Any CPU.Build.0 = Debug|Any CPU
		{B5013E08-CF2A-4A3B-A4D7-869C1E725D92}.Release|Any CPU.ActiveCfg = Release|Any CPU
		{B5013E08-CF2A-4A3B-A4D7-869C1E725D92}.Release|Any CPU.Build.0 = Release|Any CPU
		{38A8A24A-FBB3-41BC-9383-80F3469C1747}.Debug|Any CPU.ActiveCfg = Debug|Any CPU
		{38A8A24A-FBB3-41BC-9383-80F3469C1747}.Debug|Any CPU.Build.0 = Debug|Any CPU
		{38A8A24A-FBB3-41BC-9383-80F3469C1747}.Release|Any CPU.ActiveCfg = Release|Any CPU
		{38A8A24A-FBB3-41BC-9383-80F3469C1747}.Release|Any CPU.Build.0 = Release|Any CPU
		{74C4A245-0A34-4A85-8689-729BF75599FB}.Debug|Any CPU.ActiveCfg = Debug|Any CPU
		{74C4A245-0A34-4A85-8689-729BF75599FB}.Debug|Any CPU.Build.0 = Debug|Any CPU
		{74C4A245-0A34-4A85-8689-729BF75599FB}.Release|Any CPU.ActiveCfg = Release|Any CPU
		{74C4A245-0A34-4A85-8689-729BF75599FB}.Release|Any CPU.Build.0 = Release|Any CPU
		{577C241B-BDC5-478A-95B7-3C72D0364FD1}.Debug|Any CPU.ActiveCfg = Debug|Any CPU
		{577C241B-BDC5-478A-95B7-3C72D0364FD1}.Debug|Any CPU.Build.0 = Debug|Any CPU
		{577C241B-BDC5-478A-95B7-3C72D0364FD1}.Release|Any CPU.ActiveCfg = Release|Any CPU
		{577C241B-BDC5-478A-95B7-3C72D0364FD1}.Release|Any CPU.Build.0 = Release|Any CPU
		{97B9609C-1AF1-4A3E-89E7-E545E26F7F22}.Debug|Any CPU.ActiveCfg = Debug|Any CPU
		{97B9609C-1AF1-4A3E-89E7-E545E26F7F22}.Debug|Any CPU.Build.0 = Debug|Any CPU
		{97B9609C-1AF1-4A3E-89E7-E545E26F7F22}.Release|Any CPU.ActiveCfg = Release|Any CPU
		{97B9609C-1AF1-4A3E-89E7-E545E26F7F22}.Release|Any CPU.Build.0 = Release|Any CPU
		{860A2E47-3694-4B58-909A-1977658E8545}.Debug|Any CPU.ActiveCfg = Debug|Any CPU
		{860A2E47-3694-4B58-909A-1977658E8545}.Debug|Any CPU.Build.0 = Debug|Any CPU
		{860A2E47-3694-4B58-909A-1977658E8545}.Release|Any CPU.ActiveCfg = Release|Any CPU
		{860A2E47-3694-4B58-909A-1977658E8545}.Release|Any CPU.Build.0 = Release|Any CPU
		{45FC11DF-A7B5-48EA-B342-5876D8101AFC}.Debug|Any CPU.ActiveCfg = Debug|Any CPU
		{45FC11DF-A7B5-48EA-B342-5876D8101AFC}.Debug|Any CPU.Build.0 = Debug|Any CPU
		{45FC11DF-A7B5-48EA-B342-5876D8101AFC}.Release|Any CPU.ActiveCfg = Release|Any CPU
		{45FC11DF-A7B5-48EA-B342-5876D8101AFC}.Release|Any CPU.Build.0 = Release|Any CPU
		{149EA8CE-6D58-4B51-84ED-B2230E4489B5}.Debug|Any CPU.ActiveCfg = Debug|Any CPU
		{149EA8CE-6D58-4B51-84ED-B2230E4489B5}.Debug|Any CPU.Build.0 = Debug|Any CPU
		{149EA8CE-6D58-4B51-84ED-B2230E4489B5}.Release|Any CPU.ActiveCfg = Release|Any CPU
		{149EA8CE-6D58-4B51-84ED-B2230E4489B5}.Release|Any CPU.Build.0 = Release|Any CPU
		{E1B3FA0B-CB23-44EB-9F8B-245C5FF3E72C}.Debug|Any CPU.ActiveCfg = Debug|Any CPU
		{E1B3FA0B-CB23-44EB-9F8B-245C5FF3E72C}.Debug|Any CPU.Build.0 = Debug|Any CPU
		{E1B3FA0B-CB23-44EB-9F8B-245C5FF3E72C}.Release|Any CPU.ActiveCfg = Release|Any CPU
		{E1B3FA0B-CB23-44EB-9F8B-245C5FF3E72C}.Release|Any CPU.Build.0 = Release|Any CPU
		{8E1788F1-52BB-4E7E-9BF7-82DC8503049E}.Debug|Any CPU.ActiveCfg = Debug|Any CPU
		{8E1788F1-52BB-4E7E-9BF7-82DC8503049E}.Debug|Any CPU.Build.0 = Debug|Any CPU
		{8E1788F1-52BB-4E7E-9BF7-82DC8503049E}.Release|Any CPU.ActiveCfg = Release|Any CPU
		{8E1788F1-52BB-4E7E-9BF7-82DC8503049E}.Release|Any CPU.Build.0 = Release|Any CPU
		{7F86D9E6-E544-4F66-916A-1AFB0D12D788}.Debug|Any CPU.ActiveCfg = Debug|Any CPU
		{7F86D9E6-E544-4F66-916A-1AFB0D12D788}.Debug|Any CPU.Build.0 = Debug|Any CPU
		{7F86D9E6-E544-4F66-916A-1AFB0D12D788}.Release|Any CPU.ActiveCfg = Release|Any CPU
		{7F86D9E6-E544-4F66-916A-1AFB0D12D788}.Release|Any CPU.Build.0 = Release|Any CPU
		{6D7EB936-C7F0-4899-A884-A47D4778EC7A}.Debug|Any CPU.ActiveCfg = Debug|Any CPU
		{6D7EB936-C7F0-4899-A884-A47D4778EC7A}.Debug|Any CPU.Build.0 = Debug|Any CPU
		{6D7EB936-C7F0-4899-A884-A47D4778EC7A}.Release|Any CPU.ActiveCfg = Release|Any CPU
		{6D7EB936-C7F0-4899-A884-A47D4778EC7A}.Release|Any CPU.Build.0 = Release|Any CPU
		{A8199B53-856F-4357-A0CE-2D001A1FC293}.Debug|Any CPU.ActiveCfg = Debug|Any CPU
		{A8199B53-856F-4357-A0CE-2D001A1FC293}.Debug|Any CPU.Build.0 = Debug|Any CPU
		{A8199B53-856F-4357-A0CE-2D001A1FC293}.Release|Any CPU.ActiveCfg = Release|Any CPU
		{A8199B53-856F-4357-A0CE-2D001A1FC293}.Release|Any CPU.Build.0 = Release|Any CPU
		{9A772647-450F-4278-902E-9B559CFBADCA}.Debug|Any CPU.ActiveCfg = Debug|Any CPU
		{9A772647-450F-4278-902E-9B559CFBADCA}.Debug|Any CPU.Build.0 = Debug|Any CPU
		{9A772647-450F-4278-902E-9B559CFBADCA}.Release|Any CPU.ActiveCfg = Release|Any CPU
		{9A772647-450F-4278-902E-9B559CFBADCA}.Release|Any CPU.Build.0 = Release|Any CPU
		{BD60A548-0DBC-4C4C-939E-D8C98B04589A}.Debug|Any CPU.ActiveCfg = Debug|Any CPU
		{BD60A548-0DBC-4C4C-939E-D8C98B04589A}.Debug|Any CPU.Build.0 = Debug|Any CPU
		{BD60A548-0DBC-4C4C-939E-D8C98B04589A}.Release|Any CPU.ActiveCfg = Release|Any CPU
		{BD60A548-0DBC-4C4C-939E-D8C98B04589A}.Release|Any CPU.Build.0 = Release|Any CPU
	EndGlobalSection
	GlobalSection(SolutionProperties) = preSolution
		HideSolutionNode = FALSE
	EndGlobalSection
	GlobalSection(NestedProjects) = preSolution
		{47264F8F-509B-48EE-A0AB-3963863E3905} = {C0F7A99F-9D5F-4CF7-ACCB-BB101FE24343}
		{B1576D96-2EDF-442A-8C01-03025E952C15} = {C0F7A99F-9D5F-4CF7-ACCB-BB101FE24343}
		{0558C4C6-AA95-4EEE-A5E1-2BF309C0E7D6} = {C0F7A99F-9D5F-4CF7-ACCB-BB101FE24343}
		{AFC4A4C5-7B84-43A3-8F63-ECB1DBAD1AAA} = {C0C8B91F-5A5E-472B-A5DC-919649B81130}
		{CEA3BADA-8CD1-450B-8EC0-271367B15DD7} = {C0C8B91F-5A5E-472B-A5DC-919649B81130}
		{36F35793-4BB0-46DE-AF93-AD8A20D1585D} = {C0C8B91F-5A5E-472B-A5DC-919649B81130}
		{2A9F71D1-C802-49BF-AE5B-E3487EF82E76} = {66DBF42E-383F-42A1-940D-2AD989DE283D}
		{276AD087-3617-4AA5-BFA9-0595D91E79F3} = {66DBF42E-383F-42A1-940D-2AD989DE283D}
		{2958C27C-CA57-4DA0-8EAB-C189A0277716} = {66DBF42E-383F-42A1-940D-2AD989DE283D}
		{B5013E08-CF2A-4A3B-A4D7-869C1E725D92} = {B09DB0B2-965D-4471-97BA-2B5026AC7739}
		{38A8A24A-FBB3-41BC-9383-80F3469C1747} = {B09DB0B2-965D-4471-97BA-2B5026AC7739}
		{74C4A245-0A34-4A85-8689-729BF75599FB} = {B09DB0B2-965D-4471-97BA-2B5026AC7739}
		{577C241B-BDC5-478A-95B7-3C72D0364FD1} = {046212E4-2B12-4B2E-9689-41A7B1D9A26A}
		{97B9609C-1AF1-4A3E-89E7-E545E26F7F22} = {046212E4-2B12-4B2E-9689-41A7B1D9A26A}
		{860A2E47-3694-4B58-909A-1977658E8545} = {046212E4-2B12-4B2E-9689-41A7B1D9A26A}
		{45FC11DF-A7B5-48EA-B342-5876D8101AFC} = {71E42A7B-26D6-415A-B296-A6FF98218669}
		{149EA8CE-6D58-4B51-84ED-B2230E4489B5} = {71E42A7B-26D6-415A-B296-A6FF98218669}
		{E1B3FA0B-CB23-44EB-9F8B-245C5FF3E72C} = {71E42A7B-26D6-415A-B296-A6FF98218669}
		{8E1788F1-52BB-4E7E-9BF7-82DC8503049E} = {AD2DA7F6-8A16-49D2-A0D1-FBC9D98C6143}
		{7F86D9E6-E544-4F66-916A-1AFB0D12D788} = {AD2DA7F6-8A16-49D2-A0D1-FBC9D98C6143}
		{6D7EB936-C7F0-4899-A884-A47D4778EC7A} = {AD2DA7F6-8A16-49D2-A0D1-FBC9D98C6143}
		{A8199B53-856F-4357-A0CE-2D001A1FC293} = {98D1D182-8619-4FFD-AA0E-136CAA66313D}
		{9A772647-450F-4278-902E-9B559CFBADCA} = {98D1D182-8619-4FFD-AA0E-136CAA66313D}
		{BD60A548-0DBC-4C4C-939E-D8C98B04589A} = {98D1D182-8619-4FFD-AA0E-136CAA66313D}
	EndGlobalSection
	GlobalSection(ExtensibilityGlobals) = postSolution
		SolutionGuid = {7B6C1EFF-084D-44B4-A9C3-C7F5621E784C}
	EndGlobalSection
EndGlobal
